
Microsoft Visual Studio Solution File, Format Version 12.00
# Visual Studio Version 17
VisualStudioVersion = 17.12.35309.182
MinimumVisualStudioVersion = 10.0.40219.1
Project("{FAE04EC0-301F-11D3-BF4B-00C04F79EFBC}") = "banking", "banking\banking.csproj", "{EEEE02A0-27D3-4FFB-ADC6-BCA5057FCAAA}"
EndProject
Global
	GlobalSection(SolutionConfigurationPlatforms) = preSolution
		Debug|Any CPU = Debug|Any CPU
		Release|Any CPU = Release|Any CPU
	EndGlobalSection
	GlobalSection(ProjectConfigurationPlatforms) = postSolution
		{EEEE02A0-27D3-4FFB-ADC6-BCA5057FCAAA}.Debug|Any CPU.ActiveCfg = Debug|Any CPU
		{EEEE02A0-27D3-4FFB-ADC6-BCA5057FCAAA}.Debug|Any CPU.Build.0 = Debug|Any CPU
		{EEEE02A0-27D3-4FFB-ADC6-BCA5057FCAAA}.Release|Any CPU.ActiveCfg = Release|Any CPU
		{EEEE02A0-27D3-4FFB-ADC6-BCA5057FCAAA}.Release|Any CPU.Build.0 = Release|Any CPU
	EndGlobalSection
	GlobalSection(SolutionProperties) = preSolution
		HideSolutionNode = FALSE
	EndGlobalSection
	GlobalSection(ExtensibilityGlobals) = postSolution
		SolutionGuid = {D50424B5-680F-4E6D-9310-5FF4F88A0AB2}
	EndGlobalSection
EndGlobal
